
Microsoft Visual Studio Solution File, Format Version 12.00
# Visual Studio 14
VisualStudioVersion = 14.0.23107.0
MinimumVisualStudioVersion = 10.0.40219.1
Project("{FAE04EC0-301F-11D3-BF4B-00C04F79EFBC}") = "AngularJsTest", "AngularJsTest\AngularJsTest.csproj", "{E65CAA1B-3A05-49D4-A670-58A535A2C484}"
EndProject
Global
	GlobalSection(SolutionConfigurationPlatforms) = preSolution
		Debug|Any CPU = Debug|Any CPU
		Release|Any CPU = Release|Any CPU
	EndGlobalSection
	GlobalSection(ProjectConfigurationPlatforms) = postSolution
		{E65CAA1B-3A05-49D4-A670-58A535A2C484}.Debug|Any CPU.ActiveCfg = Debug|Any CPU
		{E65CAA1B-3A05-49D4-A670-58A535A2C484}.Debug|Any CPU.Build.0 = Debug|Any CPU
		{E65CAA1B-3A05-49D4-A670-58A535A2C484}.Release|Any CPU.ActiveCfg = Release|Any CPU
		{E65CAA1B-3A05-49D4-A670-58A535A2C484}.Release|Any CPU.Build.0 = Release|Any CPU
	EndGlobalSection
	GlobalSection(SolutionProperties) = preSolution
		HideSolutionNode = FALSE
	EndGlobalSection
EndGlobal
